
Microsoft Visual Studio Solution File, Format Version 12.00
# Visual Studio Version 16
VisualStudioVersion = 16.0.29911.84
MinimumVisualStudioVersion = 10.0.40219.1
Project("{9A19103F-16F7-4668-BE54-9A1E7A4F7556}") = "NotificationsApi", "NotificationsApi\NotificationsApi.csproj", "{BDF512DC-42D3-4BD5-A2C2-41C930FD1690}"
EndProject
Project("{FAE04EC0-301F-11D3-BF4B-00C04F79EFBC}") = "NotificationClient.Ios", "FirebaseNotificationApp.Ios\NotificationClient.Ios.csproj", "{608697B4-9D79-49B8-B14D-2881126C610F}"
EndProject
Project("{2150E333-8FDC-42A3-9474-1A3956D46DE8}") = "Back-end", "Back-end", "{68676775-2754-466E-A990-A34D38CE9C9E}"
EndProject
Project("{2150E333-8FDC-42A3-9474-1A3956D46DE8}") = "Clients", "Clients", "{3E510A1C-8274-4279-A36B-75239CACAA81}"
EndProject
Project("{2150E333-8FDC-42A3-9474-1A3956D46DE8}") = "Shared", "Shared", "{6FEACA0D-28DD-460C-80F2-D304D17DBE1B}"
EndProject
Project("{9A19103F-16F7-4668-BE54-9A1E7A4F7556}") = "NotificationsMVC", "NotificationsMVC\NotificationsMVC.csproj", "{1FB10E76-8B97-4FCA-A869-D5D486809E57}"
EndProject
Project("{9A19103F-16F7-4668-BE54-9A1E7A4F7556}") = "Notifications.Data", "Notifications.Data\Notifications.Data.csproj", "{C5BB343C-CCB4-4F12-A7F5-654E6CBD54D3}"
EndProject
Project("{FAE04EC0-301F-11D3-BF4B-00C04F79EFBC}") = "NotificationClient.Droid", "NotificationsClient.Droid\NotificationClient.Droid.csproj", "{F9F35854-F426-46A9-891B-7FD1D01FDC2A}"
EndProject
Global
	GlobalSection(SolutionConfigurationPlatforms) = preSolution
		Debug|Any CPU = Debug|Any CPU
		Debug|iPhone = Debug|iPhone
		Debug|iPhoneSimulator = Debug|iPhoneSimulator
		Release|Any CPU = Release|Any CPU
		Release|iPhone = Release|iPhone
		Release|iPhoneSimulator = Release|iPhoneSimulator
	EndGlobalSection
	GlobalSection(ProjectConfigurationPlatforms) = postSolution
		{BDF512DC-42D3-4BD5-A2C2-41C930FD1690}.Debug|Any CPU.ActiveCfg = Debug|Any CPU
		{BDF512DC-42D3-4BD5-A2C2-41C930FD1690}.Debug|Any CPU.Build.0 = Debug|Any CPU
		{BDF512DC-42D3-4BD5-A2C2-41C930FD1690}.Debug|iPhone.ActiveCfg = Debug|Any CPU
		{BDF512DC-42D3-4BD5-A2C2-41C930FD1690}.Debug|iPhone.Build.0 = Debug|Any CPU
		{BDF512DC-42D3-4BD5-A2C2-41C930FD1690}.Debug|iPhoneSimulator.ActiveCfg = Debug|Any CPU
		{BDF512DC-42D3-4BD5-A2C2-41C930FD1690}.Debug|iPhoneSimulator.Build.0 = Debug|Any CPU
		{BDF512DC-42D3-4BD5-A2C2-41C930FD1690}.Release|Any CPU.ActiveCfg = Release|Any CPU
		{BDF512DC-42D3-4BD5-A2C2-41C930FD1690}.Release|Any CPU.Build.0 = Release|Any CPU
		{BDF512DC-42D3-4BD5-A2C2-41C930FD1690}.Release|iPhone.ActiveCfg = Release|Any CPU
		{BDF512DC-42D3-4BD5-A2C2-41C930FD1690}.Release|iPhone.Build.0 = Release|Any CPU
		{BDF512DC-42D3-4BD5-A2C2-41C930FD1690}.Release|iPhoneSimulator.ActiveCfg = Release|Any CPU
		{BDF512DC-42D3-4BD5-A2C2-41C930FD1690}.Release|iPhoneSimulator.Build.0 = Release|Any CPU
		{608697B4-9D79-49B8-B14D-2881126C610F}.Debug|Any CPU.ActiveCfg = Debug|iPhone
		{608697B4-9D79-49B8-B14D-2881126C610F}.Debug|iPhone.ActiveCfg = Debug|iPhone
		{608697B4-9D79-49B8-B14D-2881126C610F}.Debug|iPhone.Build.0 = Debug|iPhone
		{608697B4-9D79-49B8-B14D-2881126C610F}.Debug|iPhoneSimulator.ActiveCfg = Debug|iPhoneSimulator
		{608697B4-9D79-49B8-B14D-2881126C610F}.Debug|iPhoneSimulator.Build.0 = Debug|iPhoneSimulator
		{608697B4-9D79-49B8-B14D-2881126C610F}.Release|Any CPU.ActiveCfg = Release|iPhone
		{608697B4-9D79-49B8-B14D-2881126C610F}.Release|iPhone.ActiveCfg = Release|iPhone
		{608697B4-9D79-49B8-B14D-2881126C610F}.Release|iPhone.Build.0 = Release|iPhone
		{608697B4-9D79-49B8-B14D-2881126C610F}.Release|iPhoneSimulator.ActiveCfg = Release|iPhoneSimulator
		{608697B4-9D79-49B8-B14D-2881126C610F}.Release|iPhoneSimulator.Build.0 = Release|iPhoneSimulator
		{1FB10E76-8B97-4FCA-A869-D5D486809E57}.Debug|Any CPU.ActiveCfg = Debug|Any CPU
		{1FB10E76-8B97-4FCA-A869-D5D486809E57}.Debug|Any CPU.Build.0 = Debug|Any CPU
		{1FB10E76-8B97-4FCA-A869-D5D486809E57}.Debug|iPhone.ActiveCfg = Debug|Any CPU
		{1FB10E76-8B97-4FCA-A869-D5D486809E57}.Debug|iPhone.Build.0 = Debug|Any CPU
		{1FB10E76-8B97-4FCA-A869-D5D486809E57}.Debug|iPhoneSimulator.ActiveCfg = Debug|Any CPU
		{1FB10E76-8B97-4FCA-A869-D5D486809E57}.Debug|iPhoneSimulator.Build.0 = Debug|Any CPU
		{1FB10E76-8B97-4FCA-A869-D5D486809E57}.Release|Any CPU.ActiveCfg = Release|Any CPU
		{1FB10E76-8B97-4FCA-A869-D5D486809E57}.Release|Any CPU.Build.0 = Release|Any CPU
		{1FB10E76-8B97-4FCA-A869-D5D486809E57}.Release|iPhone.ActiveCfg = Release|Any CPU
		{1FB10E76-8B97-4FCA-A869-D5D486809E57}.Release|iPhone.Build.0 = Release|Any CPU
		{1FB10E76-8B97-4FCA-A869-D5D486809E57}.Release|iPhoneSimulator.ActiveCfg = Release|Any CPU
		{1FB10E76-8B97-4FCA-A869-D5D486809E57}.Release|iPhoneSimulator.Build.0 = Release|Any CPU
		{C5BB343C-CCB4-4F12-A7F5-654E6CBD54D3}.Debug|Any CPU.ActiveCfg = Debug|Any CPU
		{C5BB343C-CCB4-4F12-A7F5-654E6CBD54D3}.Debug|Any CPU.Build.0 = Debug|Any CPU
		{C5BB343C-CCB4-4F12-A7F5-654E6CBD54D3}.Debug|iPhone.ActiveCfg = Debug|Any CPU
		{C5BB343C-CCB4-4F12-A7F5-654E6CBD54D3}.Debug|iPhone.Build.0 = Debug|Any CPU
		{C5BB343C-CCB4-4F12-A7F5-654E6CBD54D3}.Debug|iPhoneSimulator.ActiveCfg = Debug|Any CPU
		{C5BB343C-CCB4-4F12-A7F5-654E6CBD54D3}.Debug|iPhoneSimulator.Build.0 = Debug|Any CPU
		{C5BB343C-CCB4-4F12-A7F5-654E6CBD54D3}.Release|Any CPU.ActiveCfg = Release|Any CPU
		{C5BB343C-CCB4-4F12-A7F5-654E6CBD54D3}.Release|Any CPU.Build.0 = Release|Any CPU
		{C5BB343C-CCB4-4F12-A7F5-654E6CBD54D3}.Release|iPhone.ActiveCfg = Release|Any CPU
		{C5BB343C-CCB4-4F12-A7F5-654E6CBD54D3}.Release|iPhone.Build.0 = Release|Any CPU
		{C5BB343C-CCB4-4F12-A7F5-654E6CBD54D3}.Release|iPhoneSimulator.ActiveCfg = Release|Any CPU
		{C5BB343C-CCB4-4F12-A7F5-654E6CBD54D3}.Release|iPhoneSimulator.Build.0 = Release|Any CPU
		{F9F35854-F426-46A9-891B-7FD1D01FDC2A}.Debug|Any CPU.ActiveCfg = Debug|Any CPU
		{F9F35854-F426-46A9-891B-7FD1D01FDC2A}.Debug|Any CPU.Build.0 = Debug|Any CPU
		{F9F35854-F426-46A9-891B-7FD1D01FDC2A}.Debug|Any CPU.Deploy.0 = Debug|Any CPU
		{F9F35854-F426-46A9-891B-7FD1D01FDC2A}.Debug|iPhone.ActiveCfg = Debug|Any CPU
		{F9F35854-F426-46A9-891B-7FD1D01FDC2A}.Debug|iPhone.Build.0 = Debug|Any CPU
		{F9F35854-F426-46A9-891B-7FD1D01FDC2A}.Debug|iPhone.Deploy.0 = Debug|Any CPU
		{F9F35854-F426-46A9-891B-7FD1D01FDC2A}.Debug|iPhoneSimulator.ActiveCfg = Debug|Any CPU
		{F9F35854-F426-46A9-891B-7FD1D01FDC2A}.Debug|iPhoneSimulator.Build.0 = Debug|Any CPU
		{F9F35854-F426-46A9-891B-7FD1D01FDC2A}.Debug|iPhoneSimulator.Deploy.0 = Debug|Any CPU
		{F9F35854-F426-46A9-891B-7FD1D01FDC2A}.Release|Any CPU.ActiveCfg = Release|Any CPU
		{F9F35854-F426-46A9-891B-7FD1D01FDC2A}.Release|Any CPU.Build.0 = Release|Any CPU
		{F9F35854-F426-46A9-891B-7FD1D01FDC2A}.Release|Any CPU.Deploy.0 = Release|Any CPU
		{F9F35854-F426-46A9-891B-7FD1D01FDC2A}.Release|iPhone.ActiveCfg = Release|Any CPU
		{F9F35854-F426-46A9-891B-7FD1D01FDC2A}.Release|iPhone.Build.0 = Release|Any CPU
		{F9F35854-F426-46A9-891B-7FD1D01FDC2A}.Release|iPhone.Deploy.0 = Release|Any CPU
		{F9F35854-F426-46A9-891B-7FD1D01FDC2A}.Release|iPhoneSimulator.ActiveCfg = Release|Any CPU
		{F9F35854-F426-46A9-891B-7FD1D01FDC2A}.Release|iPhoneSimulator.Build.0 = Release|Any CPU
		{F9F35854-F426-46A9-891B-7FD1D01FDC2A}.Release|iPhoneSimulator.Deploy.0 = Release|Any CPU
	EndGlobalSection
	GlobalSection(SolutionProperties) = preSolution
		HideSolutionNode = FALSE
	EndGlobalSection
	GlobalSection(NestedProjects) = preSolution
		{BDF512DC-42D3-4BD5-A2C2-41C930FD1690} = {68676775-2754-466E-A990-A34D38CE9C9E}
		{608697B4-9D79-49B8-B14D-2881126C610F} = {3E510A1C-8274-4279-A36B-75239CACAA81}
		{1FB10E76-8B97-4FCA-A869-D5D486809E57} = {68676775-2754-466E-A990-A34D38CE9C9E}
		{C5BB343C-CCB4-4F12-A7F5-654E6CBD54D3} = {6FEACA0D-28DD-460C-80F2-D304D17DBE1B}
		{F9F35854-F426-46A9-891B-7FD1D01FDC2A} = {3E510A1C-8274-4279-A36B-75239CACAA81}
	EndGlobalSection
	GlobalSection(ExtensibilityGlobals) = postSolution
		SolutionGuid = {2A59DDFD-5AD9-4F96-9DE7-ED8B928A7E82}
	EndGlobalSection
EndGlobal
